// !$*UTF8*$!
{
	archiveVersion = 1;
	classes = {
	};
	objectVersion = 46;
	objects = {

/* Begin PBXBuildFile section */
		5711E9901E8B8F5300531D6D /* LoginNib.xib in Resources */ = {isa = PBXBuildFile; fileRef = 5711E98F1E8B8F5300531D6D /* LoginNib.xib */; };
		5711E9921E8B923E00531D6D /* LoginNib.swift in Sources */ = {isa = PBXBuildFile; fileRef = 5711E9911E8B923E00531D6D /* LoginNib.swift */; };
		5711E9951E8B974A00531D6D /* UIView+LoadNib.swift in Sources */ = {isa = PBXBuildFile; fileRef = 5711E9941E8B974A00531D6D /* UIView+LoadNib.swift */; };
		5711E9971E8BA67B00531D6D /* SlideCustomAnimationController.swift in Sources */ = {isa = PBXBuildFile; fileRef = 5711E9961E8BA67A00531D6D /* SlideCustomAnimationController.swift */; };
		5711E9991E8BAB6C00531D6D /* SignUpNib.swift in Sources */ = {isa = PBXBuildFile; fileRef = 5711E9981E8BAB6C00531D6D /* SignUpNib.swift */; };
		5711E99B1E8BAB8600531D6D /* SignUpNib.xib in Resources */ = {isa = PBXBuildFile; fileRef = 5711E99A1E8BAB8600531D6D /* SignUpNib.xib */; };
		5711E99F1E8BBBE000531D6D /* GeneralNibClass.swift in Sources */ = {isa = PBXBuildFile; fileRef = 5711E99E1E8BBBE000531D6D /* GeneralNibClass.swift */; };
		571688F91E9486DD00DF2135 /* ResetPasswordNib.swift in Sources */ = {isa = PBXBuildFile; fileRef = 571688F81E9486DD00DF2135 /* ResetPasswordNib.swift */; };
		571688FB1E9486EC00DF2135 /* ResetPasswordNib.xib in Resources */ = {isa = PBXBuildFile; fileRef = 571688FA1E9486EC00DF2135 /* ResetPasswordNib.xib */; };
		575DDD2F1E8AF7BC0094E5E9 /* MySQLClient.swift in Sources */ = {isa = PBXBuildFile; fileRef = 575DDD2E1E8AF7BC0094E5E9 /* MySQLClient.swift */; };
		575DDD311E8AF89B0094E5E9 /* User.swift in Sources */ = {isa = PBXBuildFile; fileRef = 575DDD301E8AF89B0094E5E9 /* User.swift */; };
		575DDD331E8AF94E0094E5E9 /* GeneralClient.swift in Sources */ = {isa = PBXBuildFile; fileRef = 575DDD321E8AF94E0094E5E9 /* GeneralClient.swift */; };
		575DDD3D1E8B5B770094E5E9 /* FadeCustomAnimationController.swift in Sources */ = {isa = PBXBuildFile; fileRef = 575DDD3C1E8B5B770094E5E9 /* FadeCustomAnimationController.swift */; };
		5763E47D1E8179D200D1DE0F /* AppDelegate.swift in Sources */ = {isa = PBXBuildFile; fileRef = 5763E47C1E8179D200D1DE0F /* AppDelegate.swift */; };
		5763E47F1E8179D200D1DE0F /* RandomizeViewController.swift in Sources */ = {isa = PBXBuildFile; fileRef = 5763E47E1E8179D200D1DE0F /* RandomizeViewController.swift */; };
		5763E4821E8179D200D1DE0F /* Main.storyboard in Resources */ = {isa = PBXBuildFile; fileRef = 5763E4801E8179D200D1DE0F /* Main.storyboard */; };
		5763E4841E8179D200D1DE0F /* Assets.xcassets in Resources */ = {isa = PBXBuildFile; fileRef = 5763E4831E8179D200D1DE0F /* Assets.xcassets */; };
		5763E4871E8179D200D1DE0F /* LaunchScreen.storyboard in Resources */ = {isa = PBXBuildFile; fileRef = 5763E4851E8179D200D1DE0F /* LaunchScreen.storyboard */; };
		5763E4921E8179D200D1DE0F /* Explore_iOSTests.swift in Sources */ = {isa = PBXBuildFile; fileRef = 5763E4911E8179D200D1DE0F /* Explore_iOSTests.swift */; };
		5763E49D1E8179D200D1DE0F /* Explore_iOSUITests.swift in Sources */ = {isa = PBXBuildFile; fileRef = 5763E49C1E8179D200D1DE0F /* Explore_iOSUITests.swift */; };
		579045641E8C19B200CCF447 /* ConfirmSignUpNib.swift in Sources */ = {isa = PBXBuildFile; fileRef = 579045631E8C19B200CCF447 /* ConfirmSignUpNib.swift */; };
		579045661E8C19CA00CCF447 /* ConfirmSignUpNib.xib in Resources */ = {isa = PBXBuildFile; fileRef = 579045651E8C19CA00CCF447 /* ConfirmSignUpNib.xib */; };
		579045681E8C520600CCF447 /* ForgotPasswordNib.swift in Sources */ = {isa = PBXBuildFile; fileRef = 579045671E8C520600CCF447 /* ForgotPasswordNib.swift */; };
		5790456A1E8C521300CCF447 /* ForgotPasswordNib.xib in Resources */ = {isa = PBXBuildFile; fileRef = 579045691E8C521300CCF447 /* ForgotPasswordNib.xib */; };
		57A113851E894B1A001BA3D4 /* NavigationController.swift in Sources */ = {isa = PBXBuildFile; fileRef = 57A113841E894B1A001BA3D4 /* NavigationController.swift */; };
		57A113871E894D5F001BA3D4 /* LoginViewController.swift in Sources */ = {isa = PBXBuildFile; fileRef = 57A113861E894D5F001BA3D4 /* LoginViewController.swift */; };
		57C5EB901E8DB27D00EA2E3E /* SingleYelpViewController.swift in Sources */ = {isa = PBXBuildFile; fileRef = 57C5EB8F1E8DB27D00EA2E3E /* SingleYelpViewController.swift */; };
		57D48C641E81E479003834E1 /* YelpBusiness.swift in Sources */ = {isa = PBXBuildFile; fileRef = 57D48C5E1E81E479003834E1 /* YelpBusiness.swift */; };
		57D48C651E81E479003834E1 /* YelpBusinessLocation.swift in Sources */ = {isa = PBXBuildFile; fileRef = 57D48C5F1E81E479003834E1 /* YelpBusinessLocation.swift */; };
		57D48C661E81E479003834E1 /* YelpClient.swift in Sources */ = {isa = PBXBuildFile; fileRef = 57D48C601E81E479003834E1 /* YelpClient.swift */; };
		57D48C671E81E479003834E1 /* YelpTableViewCell.swift in Sources */ = {isa = PBXBuildFile; fileRef = 57D48C611E81E479003834E1 /* YelpTableViewCell.swift */; };
		57D48C681E81E479003834E1 /* YelpTableViewCell.xib in Resources */ = {isa = PBXBuildFile; fileRef = 57D48C621E81E479003834E1 /* YelpTableViewCell.xib */; };
		57D48C691E81E479003834E1 /* YelpTableViewController.swift in Sources */ = {isa = PBXBuildFile; fileRef = 57D48C631E81E479003834E1 /* YelpTableViewController.swift */; };
/* End PBXBuildFile section */

/* Begin PBXContainerItemProxy section */
		5763E48E1E8179D200D1DE0F /* PBXContainerItemProxy */ = {
			isa = PBXContainerItemProxy;
			containerPortal = 5763E4711E8179D100D1DE0F /* Project object */;
			proxyType = 1;
			remoteGlobalIDString = 5763E4781E8179D100D1DE0F;
			remoteInfo = "Explore-iOS";
		};
		5763E4991E8179D200D1DE0F /* PBXContainerItemProxy */ = {
			isa = PBXContainerItemProxy;
			containerPortal = 5763E4711E8179D100D1DE0F /* Project object */;
			proxyType = 1;
			remoteGlobalIDString = 5763E4781E8179D100D1DE0F;
			remoteInfo = "Explore-iOS";
		};
/* End PBXContainerItemProxy section */

/* Begin PBXFileReference section */
		5711E98F1E8B8F5300531D6D /* LoginNib.xib */ = {isa = PBXFileReference; fileEncoding = 4; lastKnownFileType = file.xib; path = LoginNib.xib; sourceTree = "<group>"; };
		5711E9911E8B923E00531D6D /* LoginNib.swift */ = {isa = PBXFileReference; fileEncoding = 4; lastKnownFileType = sourcecode.swift; path = LoginNib.swift; sourceTree = "<group>"; };
		5711E9941E8B974A00531D6D /* UIView+LoadNib.swift */ = {isa = PBXFileReference; fileEncoding = 4; lastKnownFileType = sourcecode.swift; path = "UIView+LoadNib.swift"; sourceTree = "<group>"; };
		5711E9961E8BA67A00531D6D /* SlideCustomAnimationController.swift */ = {isa = PBXFileReference; fileEncoding = 4; lastKnownFileType = sourcecode.swift; path = SlideCustomAnimationController.swift; sourceTree = "<group>"; };
		5711E9981E8BAB6C00531D6D /* SignUpNib.swift */ = {isa = PBXFileReference; fileEncoding = 4; lastKnownFileType = sourcecode.swift; path = SignUpNib.swift; sourceTree = "<group>"; };
		5711E99A1E8BAB8600531D6D /* SignUpNib.xib */ = {isa = PBXFileReference; fileEncoding = 4; lastKnownFileType = file.xib; path = SignUpNib.xib; sourceTree = "<group>"; };
		5711E99E1E8BBBE000531D6D /* GeneralNibClass.swift */ = {isa = PBXFileReference; fileEncoding = 4; lastKnownFileType = sourcecode.swift; path = GeneralNibClass.swift; sourceTree = "<group>"; };
		571688F81E9486DD00DF2135 /* ResetPasswordNib.swift */ = {isa = PBXFileReference; fileEncoding = 4; lastKnownFileType = sourcecode.swift; path = ResetPasswordNib.swift; sourceTree = "<group>"; };
		571688FA1E9486EC00DF2135 /* ResetPasswordNib.xib */ = {isa = PBXFileReference; fileEncoding = 4; lastKnownFileType = file.xib; path = ResetPasswordNib.xib; sourceTree = "<group>"; };
		575DDD2E1E8AF7BC0094E5E9 /* MySQLClient.swift */ = {isa = PBXFileReference; fileEncoding = 4; lastKnownFileType = sourcecode.swift; path = MySQLClient.swift; sourceTree = "<group>"; };
		575DDD301E8AF89B0094E5E9 /* User.swift */ = {isa = PBXFileReference; fileEncoding = 4; lastKnownFileType = sourcecode.swift; path = User.swift; sourceTree = "<group>"; };
		575DDD321E8AF94E0094E5E9 /* GeneralClient.swift */ = {isa = PBXFileReference; fileEncoding = 4; lastKnownFileType = sourcecode.swift; path = GeneralClient.swift; sourceTree = "<group>"; };
		575DDD3C1E8B5B770094E5E9 /* FadeCustomAnimationController.swift */ = {isa = PBXFileReference; fileEncoding = 4; lastKnownFileType = sourcecode.swift; path = FadeCustomAnimationController.swift; sourceTree = "<group>"; };
		5763E4791E8179D200D1DE0F /* Explore-iOS.app */ = {isa = PBXFileReference; explicitFileType = wrapper.application; includeInIndex = 0; path = "Explore-iOS.app"; sourceTree = BUILT_PRODUCTS_DIR; };
		5763E47C1E8179D200D1DE0F /* AppDelegate.swift */ = {isa = PBXFileReference; lastKnownFileType = sourcecode.swift; path = AppDelegate.swift; sourceTree = "<group>"; };
		5763E47E1E8179D200D1DE0F /* RandomizeViewController.swift */ = {isa = PBXFileReference; lastKnownFileType = sourcecode.swift; path = RandomizeViewController.swift; sourceTree = "<group>"; };
		5763E4811E8179D200D1DE0F /* Base */ = {isa = PBXFileReference; lastKnownFileType = file.storyboard; name = Base; path = Base.lproj/Main.storyboard; sourceTree = "<group>"; };
		5763E4831E8179D200D1DE0F /* Assets.xcassets */ = {isa = PBXFileReference; lastKnownFileType = folder.assetcatalog; path = Assets.xcassets; sourceTree = "<group>"; };
		5763E4861E8179D200D1DE0F /* Base */ = {isa = PBXFileReference; lastKnownFileType = file.storyboard; name = Base; path = Base.lproj/LaunchScreen.storyboard; sourceTree = "<group>"; };
		5763E4881E8179D200D1DE0F /* Info.plist */ = {isa = PBXFileReference; lastKnownFileType = text.plist.xml; path = Info.plist; sourceTree = "<group>"; };
		5763E48D1E8179D200D1DE0F /* Explore-iOSTests.xctest */ = {isa = PBXFileReference; explicitFileType = wrapper.cfbundle; includeInIndex = 0; path = "Explore-iOSTests.xctest"; sourceTree = BUILT_PRODUCTS_DIR; };
		5763E4911E8179D200D1DE0F /* Explore_iOSTests.swift */ = {isa = PBXFileReference; lastKnownFileType = sourcecode.swift; path = Explore_iOSTests.swift; sourceTree = "<group>"; };
		5763E4931E8179D200D1DE0F /* Info.plist */ = {isa = PBXFileReference; lastKnownFileType = text.plist.xml; path = Info.plist; sourceTree = "<group>"; };
		5763E4981E8179D200D1DE0F /* Explore-iOSUITests.xctest */ = {isa = PBXFileReference; explicitFileType = wrapper.cfbundle; includeInIndex = 0; path = "Explore-iOSUITests.xctest"; sourceTree = BUILT_PRODUCTS_DIR; };
		5763E49C1E8179D200D1DE0F /* Explore_iOSUITests.swift */ = {isa = PBXFileReference; lastKnownFileType = sourcecode.swift; path = Explore_iOSUITests.swift; sourceTree = "<group>"; };
		5763E49E1E8179D200D1DE0F /* Info.plist */ = {isa = PBXFileReference; lastKnownFileType = text.plist.xml; path = Info.plist; sourceTree = "<group>"; };
		579045631E8C19B200CCF447 /* ConfirmSignUpNib.swift */ = {isa = PBXFileReference; fileEncoding = 4; lastKnownFileType = sourcecode.swift; path = ConfirmSignUpNib.swift; sourceTree = "<group>"; };
		579045651E8C19CA00CCF447 /* ConfirmSignUpNib.xib */ = {isa = PBXFileReference; fileEncoding = 4; lastKnownFileType = file.xib; path = ConfirmSignUpNib.xib; sourceTree = "<group>"; };
		579045671E8C520600CCF447 /* ForgotPasswordNib.swift */ = {isa = PBXFileReference; fileEncoding = 4; lastKnownFileType = sourcecode.swift; path = ForgotPasswordNib.swift; sourceTree = "<group>"; };
		579045691E8C521300CCF447 /* ForgotPasswordNib.xib */ = {isa = PBXFileReference; fileEncoding = 4; lastKnownFileType = file.xib; path = ForgotPasswordNib.xib; sourceTree = "<group>"; };
		57A113841E894B1A001BA3D4 /* NavigationController.swift */ = {isa = PBXFileReference; fileEncoding = 4; lastKnownFileType = sourcecode.swift; path = NavigationController.swift; sourceTree = "<group>"; };
		57A113861E894D5F001BA3D4 /* LoginViewController.swift */ = {isa = PBXFileReference; fileEncoding = 4; lastKnownFileType = sourcecode.swift; path = LoginViewController.swift; sourceTree = "<group>"; };
		57C5EB8F1E8DB27D00EA2E3E /* SingleYelpViewController.swift */ = {isa = PBXFileReference; fileEncoding = 4; lastKnownFileType = sourcecode.swift; path = SingleYelpViewController.swift; sourceTree = "<group>"; };
		57D48C5E1E81E479003834E1 /* YelpBusiness.swift */ = {isa = PBXFileReference; fileEncoding = 4; lastKnownFileType = sourcecode.swift; path = YelpBusiness.swift; sourceTree = "<group>"; };
		57D48C5F1E81E479003834E1 /* YelpBusinessLocation.swift */ = {isa = PBXFileReference; fileEncoding = 4; lastKnownFileType = sourcecode.swift; path = YelpBusinessLocation.swift; sourceTree = "<group>"; };
		57D48C601E81E479003834E1 /* YelpClient.swift */ = {isa = PBXFileReference; fileEncoding = 4; lastKnownFileType = sourcecode.swift; path = YelpClient.swift; sourceTree = "<group>"; };
		57D48C611E81E479003834E1 /* YelpTableViewCell.swift */ = {isa = PBXFileReference; fileEncoding = 4; lastKnownFileType = sourcecode.swift; path = YelpTableViewCell.swift; sourceTree = "<group>"; };
		57D48C621E81E479003834E1 /* YelpTableViewCell.xib */ = {isa = PBXFileReference; fileEncoding = 4; lastKnownFileType = file.xib; path = YelpTableViewCell.xib; sourceTree = "<group>"; };
		57D48C631E81E479003834E1 /* YelpTableViewController.swift */ = {isa = PBXFileReference; fileEncoding = 4; lastKnownFileType = sourcecode.swift; path = YelpTableViewController.swift; sourceTree = "<group>"; };
/* End PBXFileReference section */

/* Begin PBXFrameworksBuildPhase section */
		5763E4761E8179D100D1DE0F /* Frameworks */ = {
			isa = PBXFrameworksBuildPhase;
			buildActionMask = 2147483647;
			files = (
			);
			runOnlyForDeploymentPostprocessing = 0;
		};
		5763E48A1E8179D200D1DE0F /* Frameworks */ = {
			isa = PBXFrameworksBuildPhase;
			buildActionMask = 2147483647;
			files = (
			);
			runOnlyForDeploymentPostprocessing = 0;
		};
		5763E4951E8179D200D1DE0F /* Frameworks */ = {
			isa = PBXFrameworksBuildPhase;
			buildActionMask = 2147483647;
			files = (
			);
			runOnlyForDeploymentPostprocessing = 0;
		};
/* End PBXFrameworksBuildPhase section */

/* Begin PBXGroup section */
		5711E9931E8B972900531D6D /* Extentions */ = {
			isa = PBXGroup;
			children = (
				5711E9941E8B974A00531D6D /* UIView+LoadNib.swift */,
			);
			name = Extentions;
			sourceTree = "<group>";
		};
		575DDD341E8B4A290094E5E9 /* Login */ = {
			isa = PBXGroup;
			children = (
				57A113861E894D5F001BA3D4 /* LoginViewController.swift */,
				5711E99E1E8BBBE000531D6D /* GeneralNibClass.swift */,
				5711E9911E8B923E00531D6D /* LoginNib.swift */,
				5711E98F1E8B8F5300531D6D /* LoginNib.xib */,
				5711E9981E8BAB6C00531D6D /* SignUpNib.swift */,
				5711E99A1E8BAB8600531D6D /* SignUpNib.xib */,
				579045631E8C19B200CCF447 /* ConfirmSignUpNib.swift */,
				579045651E8C19CA00CCF447 /* ConfirmSignUpNib.xib */,
				571688F81E9486DD00DF2135 /* ResetPasswordNib.swift */,
				571688FA1E9486EC00DF2135 /* ResetPasswordNib.xib */,
				579045671E8C520600CCF447 /* ForgotPasswordNib.swift */,
				579045691E8C521300CCF447 /* ForgotPasswordNib.xib */,
			);
			name = Login;
			sourceTree = "<group>";
		};
		575DDD351E8B4A380094E5E9 /* Clients */ = {
			isa = PBXGroup;
			children = (
				575DDD2E1E8AF7BC0094E5E9 /* MySQLClient.swift */,
				57D48C601E81E479003834E1 /* YelpClient.swift */,
				575DDD321E8AF94E0094E5E9 /* GeneralClient.swift */,
			);
			name = Clients;
			sourceTree = "<group>";
		};
		575DDD361E8B4A4A0094E5E9 /* Models */ = {
			isa = PBXGroup;
			children = (
				57D48C5F1E81E479003834E1 /* YelpBusinessLocation.swift */,
				57D48C5E1E81E479003834E1 /* YelpBusiness.swift */,
				575DDD301E8AF89B0094E5E9 /* User.swift */,
			);
			name = Models;
			sourceTree = "<group>";
		};
		575DDD371E8B4A6F0094E5E9 /* General */ = {
			isa = PBXGroup;
			children = (
				5763E47C1E8179D200D1DE0F /* AppDelegate.swift */,
				5763E4881E8179D200D1DE0F /* Info.plist */,
				5763E4831E8179D200D1DE0F /* Assets.xcassets */,
				5763E4801E8179D200D1DE0F /* Main.storyboard */,
				5763E4851E8179D200D1DE0F /* LaunchScreen.storyboard */,
			);
			name = General;
			sourceTree = "<group>";
		};
		575DDD3B1E8B5B570094E5E9 /* NavigationControllers */ = {
			isa = PBXGroup;
			children = (
				57A113841E894B1A001BA3D4 /* NavigationController.swift */,
				575DDD3C1E8B5B770094E5E9 /* FadeCustomAnimationController.swift */,
				5711E9961E8BA67A00531D6D /* SlideCustomAnimationController.swift */,
			);
			name = NavigationControllers;
			sourceTree = "<group>";
		};
		5763E4701E8179D100D1DE0F = {
			isa = PBXGroup;
			children = (
				5763E47B1E8179D200D1DE0F /* Explore-iOS */,
				5763E4901E8179D200D1DE0F /* Explore-iOSTests */,
				5763E49B1E8179D200D1DE0F /* Explore-iOSUITests */,
				5763E47A1E8179D200D1DE0F /* Products */,
			);
			sourceTree = "<group>";
		};
		5763E47A1E8179D200D1DE0F /* Products */ = {
			isa = PBXGroup;
			children = (
				5763E4791E8179D200D1DE0F /* Explore-iOS.app */,
				5763E48D1E8179D200D1DE0F /* Explore-iOSTests.xctest */,
				5763E4981E8179D200D1DE0F /* Explore-iOSUITests.xctest */,
			);
			name = Products;
			sourceTree = "<group>";
		};
		5763E47B1E8179D200D1DE0F /* Explore-iOS */ = {
			isa = PBXGroup;
			children = (
				5711E9931E8B972900531D6D /* Extentions */,
				575DDD3B1E8B5B570094E5E9 /* NavigationControllers */,
				575DDD371E8B4A6F0094E5E9 /* General */,
				575DDD361E8B4A4A0094E5E9 /* Models */,
				575DDD351E8B4A380094E5E9 /* Clients */,
				575DDD341E8B4A290094E5E9 /* Login */,
				57D48C6A1E81E484003834E1 /* Yelp */,
				5763E47E1E8179D200D1DE0F /* RandomizeViewController.swift */,
			);
			path = "Explore-iOS";
			sourceTree = "<group>";
		};
		5763E4901E8179D200D1DE0F /* Explore-iOSTests */ = {
			isa = PBXGroup;
			children = (
				5763E4911E8179D200D1DE0F /* Explore_iOSTests.swift */,
				5763E4931E8179D200D1DE0F /* Info.plist */,
			);
			path = "Explore-iOSTests";
			sourceTree = "<group>";
		};
		5763E49B1E8179D200D1DE0F /* Explore-iOSUITests */ = {
			isa = PBXGroup;
			children = (
				5763E49C1E8179D200D1DE0F /* Explore_iOSUITests.swift */,
				5763E49E1E8179D200D1DE0F /* Info.plist */,
			);
			path = "Explore-iOSUITests";
			sourceTree = "<group>";
		};
		57C5EB911E8DBE8200EA2E3E /* YelpTableView */ = {
			isa = PBXGroup;
			children = (
				57D48C631E81E479003834E1 /* YelpTableViewController.swift */,
				57D48C611E81E479003834E1 /* YelpTableViewCell.swift */,
				57D48C621E81E479003834E1 /* YelpTableViewCell.xib */,
			);
			name = YelpTableView;
			sourceTree = "<group>";
		};
		57C5EB921E8DBE9500EA2E3E /* SingleYelpView */ = {
			isa = PBXGroup;
			children = (
				57C5EB8F1E8DB27D00EA2E3E /* SingleYelpViewController.swift */,
			);
			name = SingleYelpView;
			sourceTree = "<group>";
		};
		57D48C6A1E81E484003834E1 /* Yelp */ = {
			isa = PBXGroup;
			children = (
				57C5EB921E8DBE9500EA2E3E /* SingleYelpView */,
				57C5EB911E8DBE8200EA2E3E /* YelpTableView */,
			);
			name = Yelp;
			sourceTree = "<group>";
		};
/* End PBXGroup section */

/* Begin PBXNativeTarget section */
		5763E4781E8179D100D1DE0F /* Explore-iOS */ = {
			isa = PBXNativeTarget;
			buildConfigurationList = 5763E4A11E8179D200D1DE0F /* Build configuration list for PBXNativeTarget "Explore-iOS" */;
			buildPhases = (
				5763E4751E8179D100D1DE0F /* Sources */,
				5763E4761E8179D100D1DE0F /* Frameworks */,
				5763E4771E8179D100D1DE0F /* Resources */,
			);
			buildRules = (
			);
			dependencies = (
			);
			name = "Explore-iOS";
			productName = "Explore-iOS";
			productReference = 5763E4791E8179D200D1DE0F /* Explore-iOS.app */;
			productType = "com.apple.product-type.application";
		};
		5763E48C1E8179D200D1DE0F /* Explore-iOSTests */ = {
			isa = PBXNativeTarget;
			buildConfigurationList = 5763E4A41E8179D200D1DE0F /* Build configuration list for PBXNativeTarget "Explore-iOSTests" */;
			buildPhases = (
				5763E4891E8179D200D1DE0F /* Sources */,
				5763E48A1E8179D200D1DE0F /* Frameworks */,
				5763E48B1E8179D200D1DE0F /* Resources */,
			);
			buildRules = (
			);
			dependencies = (
				5763E48F1E8179D200D1DE0F /* PBXTargetDependency */,
			);
			name = "Explore-iOSTests";
			productName = "Explore-iOSTests";
			productReference = 5763E48D1E8179D200D1DE0F /* Explore-iOSTests.xctest */;
			productType = "com.apple.product-type.bundle.unit-test";
		};
		5763E4971E8179D200D1DE0F /* Explore-iOSUITests */ = {
			isa = PBXNativeTarget;
			buildConfigurationList = 5763E4A71E8179D200D1DE0F /* Build configuration list for PBXNativeTarget "Explore-iOSUITests" */;
			buildPhases = (
				5763E4941E8179D200D1DE0F /* Sources */,
				5763E4951E8179D200D1DE0F /* Frameworks */,
				5763E4961E8179D200D1DE0F /* Resources */,
			);
			buildRules = (
			);
			dependencies = (
				5763E49A1E8179D200D1DE0F /* PBXTargetDependency */,
			);
			name = "Explore-iOSUITests";
			productName = "Explore-iOSUITests";
			productReference = 5763E4981E8179D200D1DE0F /* Explore-iOSUITests.xctest */;
			productType = "com.apple.product-type.bundle.ui-testing";
		};
/* End PBXNativeTarget section */

/* Begin PBXProject section */
		5763E4711E8179D100D1DE0F /* Project object */ = {
			isa = PBXProject;
			attributes = {
				LastSwiftUpdateCheck = 0820;
				LastUpgradeCheck = 0820;
				ORGANIZATIONNAME = kileycaravella;
				TargetAttributes = {
					5763E4781E8179D100D1DE0F = {
						CreatedOnToolsVersion = 8.2.1;
						ProvisioningStyle = Automatic;
					};
					5763E48C1E8179D200D1DE0F = {
						CreatedOnToolsVersion = 8.2.1;
						ProvisioningStyle = Automatic;
						TestTargetID = 5763E4781E8179D100D1DE0F;
					};
					5763E4971E8179D200D1DE0F = {
						CreatedOnToolsVersion = 8.2.1;
						ProvisioningStyle = Automatic;
						TestTargetID = 5763E4781E8179D100D1DE0F;
					};
				};
			};
			buildConfigurationList = 5763E4741E8179D100D1DE0F /* Build configuration list for PBXProject "Explore-iOS" */;
			compatibilityVersion = "Xcode 3.2";
			developmentRegion = English;
			hasScannedForEncodings = 0;
			knownRegions = (
				en,
				Base,
			);
			mainGroup = 5763E4701E8179D100D1DE0F;
			productRefGroup = 5763E47A1E8179D200D1DE0F /* Products */;
			projectDirPath = "";
			projectRoot = "";
			targets = (
				5763E4781E8179D100D1DE0F /* Explore-iOS */,
				5763E48C1E8179D200D1DE0F /* Explore-iOSTests */,
				5763E4971E8179D200D1DE0F /* Explore-iOSUITests */,
			);
		};
/* End PBXProject section */

/* Begin PBXResourcesBuildPhase section */
		5763E4771E8179D100D1DE0F /* Resources */ = {
			isa = PBXResourcesBuildPhase;
			buildActionMask = 2147483647;
			files = (
				5711E9901E8B8F5300531D6D /* LoginNib.xib in Resources */,
				5711E99B1E8BAB8600531D6D /* SignUpNib.xib in Resources */,
				571688FB1E9486EC00DF2135 /* ResetPasswordNib.xib in Resources */,
				5763E4871E8179D200D1DE0F /* LaunchScreen.storyboard in Resources */,
				5790456A1E8C521300CCF447 /* ForgotPasswordNib.xib in Resources */,
				5763E4841E8179D200D1DE0F /* Assets.xcassets in Resources */,
				5763E4821E8179D200D1DE0F /* Main.storyboard in Resources */,
				579045661E8C19CA00CCF447 /* ConfirmSignUpNib.xib in Resources */,
				57D48C681E81E479003834E1 /* YelpTableViewCell.xib in Resources */,
			);
			runOnlyForDeploymentPostprocessing = 0;
		};
		5763E48B1E8179D200D1DE0F /* Resources */ = {
			isa = PBXResourcesBuildPhase;
			buildActionMask = 2147483647;
			files = (
			);
			runOnlyForDeploymentPostprocessing = 0;
		};
		5763E4961E8179D200D1DE0F /* Resources */ = {
			isa = PBXResourcesBuildPhase;
			buildActionMask = 2147483647;
			files = (
			);
			runOnlyForDeploymentPostprocessing = 0;
		};
/* End PBXResourcesBuildPhase section */

/* Begin PBXSourcesBuildPhase section */
		5763E4751E8179D100D1DE0F /* Sources */ = {
			isa = PBXSourcesBuildPhase;
			buildActionMask = 2147483647;
			files = (
				57D48C661E81E479003834E1 /* YelpClient.swift in Sources */,
				5711E9921E8B923E00531D6D /* LoginNib.swift in Sources */,
				579045641E8C19B200CCF447 /* ConfirmSignUpNib.swift in Sources */,
				57A113851E894B1A001BA3D4 /* NavigationController.swift in Sources */,
				5711E99F1E8BBBE000531D6D /* GeneralNibClass.swift in Sources */,
				57D48C651E81E479003834E1 /* YelpBusinessLocation.swift in Sources */,
				575DDD2F1E8AF7BC0094E5E9 /* MySQLClient.swift in Sources */,
				57D48C641E81E479003834E1 /* YelpBusiness.swift in Sources */,
				575DDD3D1E8B5B770094E5E9 /* FadeCustomAnimationController.swift in Sources */,
				57D48C671E81E479003834E1 /* YelpTableViewCell.swift in Sources */,
				5763E47F1E8179D200D1DE0F /* RandomizeViewController.swift in Sources */,
				575DDD331E8AF94E0094E5E9 /* GeneralClient.swift in Sources */,
				57A113871E894D5F001BA3D4 /* LoginViewController.swift in Sources */,
				57D48C691E81E479003834E1 /* YelpTableViewController.swift in Sources */,
				5711E9951E8B974A00531D6D /* UIView+LoadNib.swift in Sources */,
				57C5EB901E8DB27D00EA2E3E /* SingleYelpViewController.swift in Sources */,
				571688F91E9486DD00DF2135 /* ResetPasswordNib.swift in Sources */,
				5763E47D1E8179D200D1DE0F /* AppDelegate.swift in Sources */,
				5711E9971E8BA67B00531D6D /* SlideCustomAnimationController.swift in Sources */,
				575DDD311E8AF89B0094E5E9 /* User.swift in Sources */,
				5711E9991E8BAB6C00531D6D /* SignUpNib.swift in Sources */,
				579045681E8C520600CCF447 /* ForgotPasswordNib.swift in Sources */,
			);
			runOnlyForDeploymentPostprocessing = 0;
		};
		5763E4891E8179D200D1DE0F /* Sources */ = {
			isa = PBXSourcesBuildPhase;
			buildActionMask = 2147483647;
			files = (
				5763E4921E8179D200D1DE0F /* Explore_iOSTests.swift in Sources */,
			);
			runOnlyForDeploymentPostprocessing = 0;
		};
		5763E4941E8179D200D1DE0F /* Sources */ = {
			isa = PBXSourcesBuildPhase;
			buildActionMask = 2147483647;
			files = (
				5763E49D1E8179D200D1DE0F /* Explore_iOSUITests.swift in Sources */,
			);
			runOnlyForDeploymentPostprocessing = 0;
		};
/* End PBXSourcesBuildPhase section */

/* Begin PBXTargetDependency section */
		5763E48F1E8179D200D1DE0F /* PBXTargetDependency */ = {
			isa = PBXTargetDependency;
			target = 5763E4781E8179D100D1DE0F /* Explore-iOS */;
			targetProxy = 5763E48E1E8179D200D1DE0F /* PBXContainerItemProxy */;
		};
		5763E49A1E8179D200D1DE0F /* PBXTargetDependency */ = {
			isa = PBXTargetDependency;
			target = 5763E4781E8179D100D1DE0F /* Explore-iOS */;
			targetProxy = 5763E4991E8179D200D1DE0F /* PBXContainerItemProxy */;
		};
/* End PBXTargetDependency section */

/* Begin PBXVariantGroup section */
		5763E4801E8179D200D1DE0F /* Main.storyboard */ = {
			isa = PBXVariantGroup;
			children = (
				5763E4811E8179D200D1DE0F /* Base */,
			);
			name = Main.storyboard;
			sourceTree = "<group>";
		};
		5763E4851E8179D200D1DE0F /* LaunchScreen.storyboard */ = {
			isa = PBXVariantGroup;
			children = (
				5763E4861E8179D200D1DE0F /* Base */,
			);
			name = LaunchScreen.storyboard;
			sourceTree = "<group>";
		};
/* End PBXVariantGroup section */

/* Begin XCBuildConfiguration section */
		5763E49F1E8179D200D1DE0F /* Debug */ = {
			isa = XCBuildConfiguration;
			buildSettings = {
				ALWAYS_SEARCH_USER_PATHS = NO;
				CLANG_ANALYZER_NONNULL = YES;
				CLANG_CXX_LANGUAGE_STANDARD = "gnu++0x";
				CLANG_CXX_LIBRARY = "libc++";
				CLANG_ENABLE_MODULES = YES;
				CLANG_ENABLE_OBJC_ARC = YES;
				CLANG_WARN_BOOL_CONVERSION = YES;
				CLANG_WARN_CONSTANT_CONVERSION = YES;
				CLANG_WARN_DIRECT_OBJC_ISA_USAGE = YES_ERROR;
				CLANG_WARN_DOCUMENTATION_COMMENTS = YES;
				CLANG_WARN_EMPTY_BODY = YES;
				CLANG_WARN_ENUM_CONVERSION = YES;
				CLANG_WARN_INFINITE_RECURSION = YES;
				CLANG_WARN_INT_CONVERSION = YES;
				CLANG_WARN_OBJC_ROOT_CLASS = YES_ERROR;
				CLANG_WARN_SUSPICIOUS_MOVE = YES;
				CLANG_WARN_UNREACHABLE_CODE = YES;
				CLANG_WARN__DUPLICATE_METHOD_MATCH = YES;
				"CODE_SIGN_IDENTITY[sdk=iphoneos*]" = "iPhone Developer";
				COPY_PHASE_STRIP = NO;
				DEBUG_INFORMATION_FORMAT = dwarf;
				ENABLE_STRICT_OBJC_MSGSEND = YES;
				ENABLE_TESTABILITY = YES;
				GCC_C_LANGUAGE_STANDARD = gnu99;
				GCC_DYNAMIC_NO_PIC = NO;
				GCC_NO_COMMON_BLOCKS = YES;
				GCC_OPTIMIZATION_LEVEL = 0;
				GCC_PREPROCESSOR_DEFINITIONS = (
					"DEBUG=1",
					"$(inherited)",
				);
				GCC_WARN_64_TO_32_BIT_CONVERSION = YES;
				GCC_WARN_ABOUT_RETURN_TYPE = YES_ERROR;
				GCC_WARN_UNDECLARED_SELECTOR = YES;
				GCC_WARN_UNINITIALIZED_AUTOS = YES_AGGRESSIVE;
				GCC_WARN_UNUSED_FUNCTION = YES;
				GCC_WARN_UNUSED_VARIABLE = YES;
				IPHONEOS_DEPLOYMENT_TARGET = 10.2;
				MTL_ENABLE_DEBUG_INFO = YES;
				ONLY_ACTIVE_ARCH = YES;
				SDKROOT = iphoneos;
				SWIFT_ACTIVE_COMPILATION_CONDITIONS = DEBUG;
				SWIFT_OPTIMIZATION_LEVEL = "-Onone";
				TARGETED_DEVICE_FAMILY = "1,2";
			};
			name = Debug;
		};
		5763E4A01E8179D200D1DE0F /* Release */ = {
			isa = XCBuildConfiguration;
			buildSettings = {
				ALWAYS_SEARCH_USER_PATHS = NO;
				CLANG_ANALYZER_NONNULL = YES;
				CLANG_CXX_LANGUAGE_STANDARD = "gnu++0x";
				CLANG_CXX_LIBRARY = "libc++";
				CLANG_ENABLE_MODULES = YES;
				CLANG_ENABLE_OBJC_ARC = YES;
				CLANG_WARN_BOOL_CONVERSION = YES;
				CLANG_WARN_CONSTANT_CONVERSION = YES;
				CLANG_WARN_DIRECT_OBJC_ISA_USAGE = YES_ERROR;
				CLANG_WARN_DOCUMENTATION_COMMENTS = YES;
				CLANG_WARN_EMPTY_BODY = YES;
				CLANG_WARN_ENUM_CONVERSION = YES;
				CLANG_WARN_INFINITE_RECURSION = YES;
				CLANG_WARN_INT_CONVERSION = YES;
				CLANG_WARN_OBJC_ROOT_CLASS = YES_ERROR;
				CLANG_WARN_SUSPICIOUS_MOVE = YES;
				CLANG_WARN_UNREACHABLE_CODE = YES;
				CLANG_WARN__DUPLICATE_METHOD_MATCH = YES;
				"CODE_SIGN_IDENTITY[sdk=iphoneos*]" = "iPhone Developer";
				COPY_PHASE_STRIP = NO;
				DEBUG_INFORMATION_FORMAT = "dwarf-with-dsym";
				ENABLE_NS_ASSERTIONS = NO;
				ENABLE_STRICT_OBJC_MSGSEND = YES;
				GCC_C_LANGUAGE_STANDARD = gnu99;
				GCC_NO_COMMON_BLOCKS = YES;
				GCC_WARN_64_TO_32_BIT_CONVERSION = YES;
				GCC_WARN_ABOUT_RETURN_TYPE = YES_ERROR;
				GCC_WARN_UNDECLARED_SELECTOR = YES;
				GCC_WARN_UNINITIALIZED_AUTOS = YES_AGGRESSIVE;
				GCC_WARN_UNUSED_FUNCTION = YES;
				GCC_WARN_UNUSED_VARIABLE = YES;
				IPHONEOS_DEPLOYMENT_TARGET = 10.2;
				MTL_ENABLE_DEBUG_INFO = NO;
				SDKROOT = iphoneos;
				SWIFT_OPTIMIZATION_LEVEL = "-Owholemodule";
				TARGETED_DEVICE_FAMILY = "1,2";
				VALIDATE_PRODUCT = YES;
			};
			name = Release;
		};
		5763E4A21E8179D200D1DE0F /* Debug */ = {
			isa = XCBuildConfiguration;
			buildSettings = {
				ASSETCATALOG_COMPILER_APPICON_NAME = AppIcon;
				INFOPLIST_FILE = "Explore-iOS/Info.plist";
				LD_RUNPATH_SEARCH_PATHS = "$(inherited) @executable_path/Frameworks";
				PRODUCT_BUNDLE_IDENTIFIER = "com.kileycaravella.Explore-iOS";
				PRODUCT_NAME = "$(TARGET_NAME)";
				SWIFT_VERSION = 3.0;
			};
			name = Debug;
		};
		5763E4A31E8179D200D1DE0F /* Release */ = {
			isa = XCBuildConfiguration;
			buildSettings = {
				ASSETCATALOG_COMPILER_APPICON_NAME = AppIcon;
				INFOPLIST_FILE = "Explore-iOS/Info.plist";
				LD_RUNPATH_SEARCH_PATHS = "$(inherited) @executable_path/Frameworks";
				PRODUCT_BUNDLE_IDENTIFIER = "com.kileycaravella.Explore-iOS";
				PRODUCT_NAME = "$(TARGET_NAME)";
				SWIFT_VERSION = 3.0;
			};
			name = Release;
		};
		5763E4A51E8179D200D1DE0F /* Debug */ = {
			isa = XCBuildConfiguration;
			buildSettings = {
				ALWAYS_EMBED_SWIFT_STANDARD_LIBRARIES = YES;
				BUNDLE_LOADER = "$(TEST_HOST)";
				INFOPLIST_FILE = "Explore-iOSTests/Info.plist";
				LD_RUNPATH_SEARCH_PATHS = "$(inherited) @executable_path/Frameworks @loader_path/Frameworks";
				PRODUCT_BUNDLE_IDENTIFIER = "com.kileycaravella.Explore-iOSTests";
				PRODUCT_NAME = "$(TARGET_NAME)";
				SWIFT_VERSION = 3.0;
				TEST_HOST = "$(BUILT_PRODUCTS_DIR)/Explore-iOS.app/Explore-iOS";
			};
			name = Debug;
		};
		5763E4A61E8179D200D1DE0F /* Release */ = {
			isa = XCBuildConfiguration;
			buildSettings = {
				ALWAYS_EMBED_SWIFT_STANDARD_LIBRARIES = YES;
				BUNDLE_LOADER = "$(TEST_HOST)";
				INFOPLIST_FILE = "Explore-iOSTests/Info.plist";
				LD_RUNPATH_SEARCH_PATHS = "$(inherited) @executable_path/Frameworks @loader_path/Frameworks";
				PRODUCT_BUNDLE_IDENTIFIER = "com.kileycaravella.Explore-iOSTests";
				PRODUCT_NAME = "$(TARGET_NAME)";
				SWIFT_VERSION = 3.0;
				TEST_HOST = "$(BUILT_PRODUCTS_DIR)/Explore-iOS.app/Explore-iOS";
			};
			name = Release;
		};
		5763E4A81E8179D200D1DE0F /* Debug */ = {
			isa = XCBuildConfiguration;
			buildSettings = {
				ALWAYS_EMBED_SWIFT_STANDARD_LIBRARIES = YES;
				INFOPLIST_FILE = "Explore-iOSUITests/Info.plist";
				LD_RUNPATH_SEARCH_PATHS = "$(inherited) @executable_path/Frameworks @loader_path/Frameworks";
				PRODUCT_BUNDLE_IDENTIFIER = "com.kileycaravella.Explore-iOSUITests";
				PRODUCT_NAME = "$(TARGET_NAME)";
				SWIFT_VERSION = 3.0;
				TEST_TARGET_NAME = "Explore-iOS";
			};
			name = Debug;
		};
		5763E4A91E8179D200D1DE0F /* Release */ = {
			isa = XCBuildConfiguration;
			buildSettings = {
				ALWAYS_EMBED_SWIFT_STANDARD_LIBRARIES = YES;
				INFOPLIST_FILE = "Explore-iOSUITests/Info.plist";
				LD_RUNPATH_SEARCH_PATHS = "$(inherited) @executable_path/Frameworks @loader_path/Frameworks";
				PRODUCT_BUNDLE_IDENTIFIER = "com.kileycaravella.Explore-iOSUITests";
				PRODUCT_NAME = "$(TARGET_NAME)";
				SWIFT_VERSION = 3.0;
				TEST_TARGET_NAME = "Explore-iOS";
			};
			name = Release;
		};
/* End XCBuildConfiguration section */

/* Begin XCConfigurationList section */
		5763E4741E8179D100D1DE0F /* Build configuration list for PBXProject "Explore-iOS" */ = {
			isa = XCConfigurationList;
			buildConfigurations = (
				5763E49F1E8179D200D1DE0F /* Debug */,
				5763E4A01E8179D200D1DE0F /* Release */,
			);
			defaultConfigurationIsVisible = 0;
			defaultConfigurationName = Release;
		};
		5763E4A11E8179D200D1DE0F /* Build configuration list for PBXNativeTarget "Explore-iOS" */ = {
			isa = XCConfigurationList;
			buildConfigurations = (
				5763E4A21E8179D200D1DE0F /* Debug */,
				5763E4A31E8179D200D1DE0F /* Release */,
			);
			defaultConfigurationIsVisible = 0;
			defaultConfigurationName = Release;
		};
		5763E4A41E8179D200D1DE0F /* Build configuration list for PBXNativeTarget "Explore-iOSTests" */ = {
			isa = XCConfigurationList;
			buildConfigurations = (
				5763E4A51E8179D200D1DE0F /* Debug */,
				5763E4A61E8179D200D1DE0F /* Release */,
			);
			defaultConfigurationIsVisible = 0;
			defaultConfigurationName = Release;
		};
		5763E4A71E8179D200D1DE0F /* Build configuration list for PBXNativeTarget "Explore-iOSUITests" */ = {
			isa = XCConfigurationList;
			buildConfigurations = (
				5763E4A81E8179D200D1DE0F /* Debug */,
				5763E4A91E8179D200D1DE0F /* Release */,
			);
			defaultConfigurationIsVisible = 0;
			defaultConfigurationName = Release;
		};
/* End XCConfigurationList section */
	};
	rootObject = 5763E4711E8179D100D1DE0F /* Project object */;
}
